Microsoft Visual Studio Solution File, Format Version 11.00
# Visual Studio 2008

Project("{883AC52E-48C1-3AE5-CF1A-4B3543A60024}") = "AnimTest", "Assembly-CSharp.csproj", "{AFC8A70D-47A5-AA74-EFAF-2CFA833F8309}"
EndProject
Project("{883AC52E-48C1-3AE5-CF1A-4B3543A60024}") = "AnimTest", "Assembly-UnityScript.unityproj", "{17DDB070-9FE7-4E2A-BECC-7774CC5206B7}"
EndProject
Global
	GlobalSection(SolutionConfigurationPlatforms) = preSolution
		Debug|Any CPU = Debug|Any CPU
		Release|Any CPU = Release|Any CPU
	EndGlobalSection
	GlobalSection(ProjectConfigurationPlatforms) = postSolution
		{AFC8A70D-47A5-AA74-EFAF-2CFA833F8309}.Debug|Any CPU.ActiveCfg = Debug|Any CPU
		{AFC8A70D-47A5-AA74-EFAF-2CFA833F8309}.Debug|Any CPU.Build.0 = Debug|Any CPU
		{AFC8A70D-47A5-AA74-EFAF-2CFA833F8309}.Release|Any CPU.ActiveCfg = Release|Any CPU
		{AFC8A70D-47A5-AA74-EFAF-2CFA833F8309}.Release|Any CPU.Build.0 = Release|Any CPU
		{17DDB070-9FE7-4E2A-BECC-7774CC5206B7}.Debug|Any CPU.ActiveCfg = Debug|Any CPU
		{17DDB070-9FE7-4E2A-BECC-7774CC5206B7}.Debug|Any CPU.Build.0 = Debug|Any CPU
		{17DDB070-9FE7-4E2A-BECC-7774CC5206B7}.Release|Any CPU.ActiveCfg = Release|Any CPU
		{17DDB070-9FE7-4E2A-BECC-7774CC5206B7}.Release|Any CPU.Build.0 = Release|Any CPU
	EndGlobalSection
	GlobalSection(SolutionProperties) = preSolution
		HideSolutionNode = FALSE
	EndGlobalSection
																																																																																																																																																								GlobalSection(MonoDevelopProperties) = preSolution
		StartupItem = Assembly-CSharp.csproj
		Policies = $0
		$0.TextStylePolicy = $1
		$1.inheritsSet = null
		$1.scope = text/x-csharp
		$0.CSharpFormattingPolicy = $2
		$2.inheritsSet = Mono
		$2.inheritsScope = text/x-csharp
		$2.scope = text/x-csharp
		$0.TextStylePolicy = $3
		$3.FileWidth = 120
		$3.TabWidth = 4
		$3.IndentWidth = 4
		$3.EolMarker = Unix
		$3.inheritsSet = Mono
		$3.inheritsScope = text/plain
		$3.scope = text/plain
	EndGlobalSection

EndGlobal
